{
    "_readme": [
        "This file locks the dependencies of your project to a known state",
        "Read more about it at https://getcomposer.org/doc/01-basic-usage.md#installing-dependencies",
        "This file is @generated automatically"
    ],
    "content-hash": "fce3ab5546ce9f6978d0133dc4ab59a9",
    "packages": [
        {
            "name": "appsero/client",
            "version": "dev-develop",
            "source": {
                "type": "git",
                "url": "https://github.com/Appsero/client.git",
                "reference": "169978e17a1aa765fc12fb008569c3e1e8740002"
            },
            "dist": {
                "type": "zip",
                "url": "https://api.github.com/repos/Appsero/client/zipball/169978e17a1aa765fc12fb008569c3e1e8740002",
                "reference": "169978e17a1aa765fc12fb008569c3e1e8740002",
                "shasum": ""
            },
            "require": {
                "php": ">=5.3"
            },
            "default-branch": true,
            "type": "library",
            "autoload": {
                "psr-4": {
                    "Appsero\\": "src/"
                }
            },
            "notification-url": "https://packagist.org/downloads/",
            "license": [
                "MIT"
            ],
            "authors": [
                {
                    "name": "Tareq Hasan",
                    "email": "tareq@appsero.com"
                }
            ],
            "description": "Appsero Client",
            "keywords": [
                "analytics",
                "plugin",
                "theme",
                "wordpress"
            ],
            "support": {
                "issues": "https://github.com/Appsero/client/issues",
                "source": "https://github.com/Appsero/client/tree/develop"
            },
            "time": "2022-10-07T06:21:17+00:00"
        },
        {
            "name": "mehedimi/wp-query-builder",
            "version": "dev-main",
            "source": {
                "type": "git",
                "url": "https://github.com/mehedimi/wp-query-builder.git",
                "reference": "977e655ed39c3f7622f651f43e9a7ac1e53d447e"
            },
            "dist": {
                "type": "zip",
                "url": "https://api.github.com/repos/mehedimi/wp-query-builder/zipball/977e655ed39c3f7622f651f43e9a7ac1e53d447e",
                "reference": "977e655ed39c3f7622f651f43e9a7ac1e53d447e",
                "shasum": ""
            },
            "require-dev": {
                "mockery/mockery": "^1.5",
                "phpunit/phpunit": "^9.5",
                "symfony/var-dumper": "^5.4"
            },
            "default-branch": true,
            "type": "library",
            "autoload": {
                "psr-4": {
                    "Mehedi\\WPQueryBuilder\\": "src/"
                }
            },
            "notification-url": "https://packagist.org/downloads/",
            "license": [
                "MIT"
            ],
            "authors": [
                {
                    "name": "Mehedi Hasan",
                    "email": "mehedihasansabbirmi@gmail.com"
                }
            ],
            "description": "A database query builder for WordPress",
            "support": {
                "issues": "https://github.com/mehedimi/wp-query-builder/issues",
                "source": "https://github.com/mehedimi/wp-query-builder/tree/main"
            },
            "time": "2022-07-26T14:36:15+00:00"
        }
    ],
    "packages-dev": [],
    "aliases": [],
    "minimum-stability": "dev",
    "stability-flags": {
        "appsero/client": 20,
        "mehedimi/wp-query-builder": 20
    },
    "prefer-stable": false,
    "prefer-lowest": false,
    "platform": [],
    "platform-dev": [],
    "plugin-api-version": "2.1.0"
}
